Microsoft Visual Studio Solution File, Format Version 12.00
# Visual Studio Version 16
VisualStudioVersion = 16.0.30002.166
MinimumVisualStudioVersion = 10.0.40219.1
Project("{8BC9CEB8-8B4A-11D0-8D11-00A0C91BC942}") = "PaaFormat", "PaaFormat.vcxproj", "{73C59F9A-C645-4EE5-8F00-AB4332011062}"
EndProject
Global
	GlobalSection(SolutionConfigurationPlatforms) = preSolution
		Debug|x64 = Debug|x64
		Release|x64 = Release|x64
	EndGlobalSection
	GlobalSection(ProjectConfigurationPlatforms) = postSolution
		{73C59F9A-C645-4EE5-8F00-AB4332011062}.Debug|x64.ActiveCfg = Debug|x64
		{73C59F9A-C645-4EE5-8F00-AB4332011062}.Debug|x64.Build.0 = Debug|x64
		{73C59F9A-C645-4EE5-8F00-AB4332011062}.Release|x64.ActiveCfg = Release|x64
		{73C59F9A-C645-4EE5-8F00-AB4332011062}.Release|x64.Build.0 = Release|x64
	EndGlobalSection
	GlobalSection(SolutionProperties) = preSolution
		HideSolutionNode = FALSE
	EndGlobalSection
	GlobalSection(ExtensibilityGlobals) = postSolution
		SolutionGuid = {DC748224-FF4B-4959-B50D-C494D1CEE20F}
	EndGlobalSection
EndGlobal
